// !$*UTF8*$!
{
	archiveVersion = 1;
	classes = {
	};
	objectVersion = 56;
	objects = {

/* Begin PBXBuildFile section */
		CC1759922904B7830037271D /* NewsListAssembly.swift in Sources */ = {isa = PBXBuildFile; fileRef = CC1759912904B7830037271D /* NewsListAssembly.swift */; };
		CC175995290555C70037271D /* NewsCell.swift in Sources */ = {isa = PBXBuildFile; fileRef = CC175994290555C70037271D /* NewsCell.swift */; };
		CC175998290594350037271D /* NewsModel.swift in Sources */ = {isa = PBXBuildFile; fileRef = CC175997290594350037271D /* NewsModel.swift */; };
		CC17599A2905BB890037271D /* NewsListWorker.swift in Sources */ = {isa = PBXBuildFile; fileRef = CC1759992905BB890037271D /* NewsListWorker.swift */; };
		CC1B4C8728E6A2F7001EDC70 /* AppDelegate.swift in Sources */ = {isa = PBXBuildFile; fileRef = CC1B4C8628E6A2F7001EDC70 /* AppDelegate.swift */; };
		CC1B4C8928E6A2F7001EDC70 /* SceneDelegate.swift in Sources */ = {isa = PBXBuildFile; fileRef = CC1B4C8828E6A2F7001EDC70 /* SceneDelegate.swift */; };
		CC1B4C9028E6A2F8001EDC70 /* Assets.xcassets in Resources */ = {isa = PBXBuildFile; fileRef = CC1B4C8F28E6A2F8001EDC70 /* Assets.xcassets */; };
		CC1B4C9328E6A2F8001EDC70 /* LaunchScreen.storyboard in Resources */ = {isa = PBXBuildFile; fileRef = CC1B4C9128E6A2F8001EDC70 /* LaunchScreen.storyboard */; };
		CC1B4C9D28E6A45A001EDC70 /* UIViewExt.swift in Sources */ = {isa = PBXBuildFile; fileRef = CC1B4C9C28E6A45A001EDC70 /* UIViewExt.swift */; };
		CC1B4C9F28E6A677001EDC70 /* WelcomeViewController.swift in Sources */ = {isa = PBXBuildFile; fileRef = CC1B4C9E28E6A677001EDC70 /* WelcomeViewController.swift */; };
		CC1B4CA128E6A698001EDC70 /* CALayerExt.swift in Sources */ = {isa = PBXBuildFile; fileRef = CC1B4CA028E6A698001EDC70 /* CALayerExt.swift */; };
		CC1B4CA328E6A6C4001EDC70 /* MenuButtonFactory.swift in Sources */ = {isa = PBXBuildFile; fileRef = CC1B4CA228E6A6C4001EDC70 /* MenuButtonFactory.swift */; };
		CC1B4CA528E6B0B0001EDC70 /* ColorPaletteView.swift in Sources */ = {isa = PBXBuildFile; fileRef = CC1B4CA428E6B0B0001EDC70 /* ColorPaletteView.swift */; };
		CC1B4CAA28E6D348001EDC70 /* UIColorExt.swift in Sources */ = {isa = PBXBuildFile; fileRef = CC1B4CA928E6D348001EDC70 /* UIColorExt.swift */; };
		CC1CB56F2907197F00620F77 /* NewsListRouter.swift in Sources */ = {isa = PBXBuildFile; fileRef = CC1CB56E2907197F00620F77 /* NewsListRouter.swift */; };
		CC1CB57129071ABE00620F77 /* NewsViewController.swift in Sources */ = {isa = PBXBuildFile; fileRef = CC1CB57029071ABE00620F77 /* NewsViewController.swift */; };
		CC1CB57729071AE600620F77 /* NewsAssembly.swift in Sources */ = {isa = PBXBuildFile; fileRef = CC1CB57629071AE600620F77 /* NewsAssembly.swift */; };
		CC1CB57929071AEF00620F77 /* NewsRouter.swift in Sources */ = {isa = PBXBuildFile; fileRef = CC1CB57829071AEF00620F77 /* NewsRouter.swift */; };
		CC1CB57B29071B1200620F77 /* NewsProtocols.swift in Sources */ = {isa = PBXBuildFile; fileRef = CC1CB57A29071B1200620F77 /* NewsProtocols.swift */; };
		CC2444BA28EE728400B262DC /* NotesViewController.swift in Sources */ = {isa = PBXBuildFile; fileRef = CC2444B928EE728400B262DC /* NotesViewController.swift */; };
		CC2444BD28EE923300B262DC /* ShortNote.swift in Sources */ = {isa = PBXBuildFile; fileRef = CC2444BC28EE923300B262DC /* ShortNote.swift */; };
		CC2444BF28EEA85600B262DC /* AddNoteCell.swift in Sources */ = {isa = PBXBuildFile; fileRef = CC2444BE28EEA85600B262DC /* AddNoteCell.swift */; };
		CC2444C128EEB42600B262DC /* NoteCell.swift in Sources */ = {isa = PBXBuildFile; fileRef = CC2444C028EEB42600B262DC /* NoteCell.swift */; };
		CC7D9D4328F2AE7E0024E108 /* NotesPresenter.swift in Sources */ = {isa = PBXBuildFile; fileRef = CC7D9D4228F2AE7E0024E108 /* NotesPresenter.swift */; };
		CC7D9D4528F2AE8B0024E108 /* NotesInteractor.swift in Sources */ = {isa = PBXBuildFile; fileRef = CC7D9D4428F2AE8B0024E108 /* NotesInteractor.swift */; };
		CC7D9D4D28F2AF0D0024E108 /* WelcomeRouter.swift in Sources */ = {isa = PBXBuildFile; fileRef = CC7D9D4C28F2AF0D0024E108 /* WelcomeRouter.swift */; };
		CC9245052905CB0C002AECCE /* NewsListProtocols.swift in Sources */ = {isa = PBXBuildFile; fileRef = CC9245042905CB0C002AECCE /* NewsListProtocols.swift */; };
		CC9B90682904AF5900E131DB /* NewsListViewController.swift in Sources */ = {isa = PBXBuildFile; fileRef = CC9B90672904AF5900E131DB /* NewsListViewController.swift */; };
		CC9B906A2904AF6D00E131DB /* NewsListPresenter.swift in Sources */ = {isa = PBXBuildFile; fileRef = CC9B90692904AF6D00E131DB /* NewsListPresenter.swift */; };
		CC9B906C2904AF8100E131DB /* NewsListInteractor.swift in Sources */ = {isa = PBXBuildFile; fileRef = CC9B906B2904AF8100E131DB /* NewsListInteractor.swift */; };
		CC9B906E2904B38A00E131DB /* NotesAssembly.swift in Sources */ = {isa = PBXBuildFile; fileRef = CC9B906D2904B38A00E131DB /* NotesAssembly.swift */; };
		CC9B90702904B4AC00E131DB /* WelcomeAssembly.swift in Sources */ = {isa = PBXBuildFile; fileRef = CC9B906F2904B4AC00E131DB /* WelcomeAssembly.swift */; };
/* End PBXBuildFile section */

/* Begin PBXFileReference section */
		CC1759912904B7830037271D /* NewsListAssembly.swift */ = {isa = PBXFileReference; lastKnownFileType = sourcecode.swift; path = NewsListAssembly.swift; sourceTree = "<group>"; };
		CC175994290555C70037271D /* NewsCell.swift */ = {isa = PBXFileReference; lastKnownFileType = sourcecode.swift; path = NewsCell.swift; sourceTree = "<group>"; };
		CC175997290594350037271D /* NewsModel.swift */ = {isa = PBXFileReference; lastKnownFileType = sourcecode.swift; path = NewsModel.swift; sourceTree = "<group>"; };
		CC1759992905BB890037271D /* NewsListWorker.swift */ = {isa = PBXFileReference; lastKnownFileType = sourcecode.swift; path = NewsListWorker.swift; sourceTree = "<group>"; };
		CC1B4C8328E6A2F7001EDC70 /* rslomtevPW5.app */ = {isa = PBXFileReference; explicitFileType = wrapper.application; includeInIndex = 0; path = rslomtevPW5.app; sourceTree = BUILT_PRODUCTS_DIR; };
		CC1B4C8628E6A2F7001EDC70 /* AppDelegate.swift */ = {isa = PBXFileReference; lastKnownFileType = sourcecode.swift; path = AppDelegate.swift; sourceTree = "<group>"; };
		CC1B4C8828E6A2F7001EDC70 /* SceneDelegate.swift */ = {isa = PBXFileReference; lastKnownFileType = sourcecode.swift; path = SceneDelegate.swift; sourceTree = "<group>"; };
		CC1B4C8F28E6A2F8001EDC70 /* Assets.xcassets */ = {isa = PBXFileReference; lastKnownFileType = folder.assetcatalog; path = Assets.xcassets; sourceTree = "<group>"; };
		CC1B4C9228E6A2F8001EDC70 /* Base */ = {isa = PBXFileReference; lastKnownFileType = file.storyboard; name = Base; path = Base.lproj/LaunchScreen.storyboard; sourceTree = "<group>"; };
		CC1B4C9428E6A2F8001EDC70 /* Info.plist */ = {isa = PBXFileReference; lastKnownFileType = text.plist.xml; path = Info.plist; sourceTree = "<group>"; };
		CC1B4C9C28E6A45A001EDC70 /* UIViewExt.swift */ = {isa = PBXFileReference; lastKnownFileType = sourcecode.swift; path = UIViewExt.swift; sourceTree = "<group>"; };
		CC1B4C9E28E6A677001EDC70 /* WelcomeViewController.swift */ = {isa = PBXFileReference; lastKnownFileType = sourcecode.swift; path = WelcomeViewController.swift; sourceTree = "<group>"; };
		CC1B4CA028E6A698001EDC70 /* CALayerExt.swift */ = {isa = PBXFileReference; lastKnownFileType = sourcecode.swift; path = CALayerExt.swift; sourceTree = "<group>"; };
		CC1B4CA228E6A6C4001EDC70 /* MenuButtonFactory.swift */ = {isa = PBXFileReference; lastKnownFileType = sourcecode.swift; path = MenuButtonFactory.swift; sourceTree = "<group>"; };
		CC1B4CA428E6B0B0001EDC70 /* ColorPaletteView.swift */ = {isa = PBXFileReference; lastKnownFileType = sourcecode.swift; path = ColorPaletteView.swift; sourceTree = "<group>"; };
		CC1B4CA928E6D348001EDC70 /* UIColorExt.swift */ = {isa = PBXFileReference; lastKnownFileType = sourcecode.swift; path = UIColorExt.swift; sourceTree = "<group>"; };
		CC1CB56E2907197F00620F77 /* NewsListRouter.swift */ = {isa = PBXFileReference; lastKnownFileType = sourcecode.swift; path = NewsListRouter.swift; sourceTree = "<group>"; };
		CC1CB57029071ABE00620F77 /* NewsViewController.swift */ = {isa = PBXFileReference; lastKnownFileType = sourcecode.swift; path = NewsViewController.swift; sourceTree = "<group>"; };
		CC1CB57629071AE600620F77 /* NewsAssembly.swift */ = {isa = PBXFileReference; lastKnownFileType = sourcecode.swift; path = NewsAssembly.swift; sourceTree = "<group>"; };
		CC1CB57829071AEF00620F77 /* NewsRouter.swift */ = {isa = PBXFileReference; lastKnownFileType = sourcecode.swift; path = NewsRouter.swift; sourceTree = "<group>"; };
		CC1CB57A29071B1200620F77 /* NewsProtocols.swift */ = {isa = PBXFileReference; lastKnownFileType = sourcecode.swift; path = NewsProtocols.swift; sourceTree = "<group>"; };
		CC2444B928EE728400B262DC /* NotesViewController.swift */ = {isa = PBXFileReference; lastKnownFileType = sourcecode.swift; path = NotesViewController.swift; sourceTree = "<group>"; };
		CC2444BC28EE923300B262DC /* ShortNote.swift */ = {isa = PBXFileReference; lastKnownFileType = sourcecode.swift; path = ShortNote.swift; sourceTree = "<group>"; };
		CC2444BE28EEA85600B262DC /* AddNoteCell.swift */ = {isa = PBXFileReference; lastKnownFileType = sourcecode.swift; path = AddNoteCell.swift; sourceTree = "<group>"; };
		CC2444C028EEB42600B262DC /* NoteCell.swift */ = {isa = PBXFileReference; lastKnownFileType = sourcecode.swift; path = NoteCell.swift; sourceTree = "<group>"; };
		CC7D9D4228F2AE7E0024E108 /* NotesPresenter.swift */ = {isa = PBXFileReference; lastKnownFileType = sourcecode.swift; path = NotesPresenter.swift; sourceTree = "<group>"; };
		CC7D9D4428F2AE8B0024E108 /* NotesInteractor.swift */ = {isa = PBXFileReference; lastKnownFileType = sourcecode.swift; path = NotesInteractor.swift; sourceTree = "<group>"; };
		CC7D9D4C28F2AF0D0024E108 /* WelcomeRouter.swift */ = {isa = PBXFileReference; lastKnownFileType = sourcecode.swift; path = WelcomeRouter.swift; sourceTree = "<group>"; };
		CC9245042905CB0C002AECCE /* NewsListProtocols.swift */ = {isa = PBXFileReference; lastKnownFileType = sourcecode.swift; path = NewsListProtocols.swift; sourceTree = "<group>"; };
		CC9B90672904AF5900E131DB /* NewsListViewController.swift */ = {isa = PBXFileReference; lastKnownFileType = sourcecode.swift; path = NewsListViewController.swift; sourceTree = "<group>"; };
		CC9B90692904AF6D00E131DB /* NewsListPresenter.swift */ = {isa = PBXFileReference; lastKnownFileType = sourcecode.swift; path = NewsListPresenter.swift; sourceTree = "<group>"; };
		CC9B906B2904AF8100E131DB /* NewsListInteractor.swift */ = {isa = PBXFileReference; lastKnownFileType = sourcecode.swift; path = NewsListInteractor.swift; sourceTree = "<group>"; };
		CC9B906D2904B38A00E131DB /* NotesAssembly.swift */ = {isa = PBXFileReference; lastKnownFileType = sourcecode.swift; path = NotesAssembly.swift; sourceTree = "<group>"; };
		CC9B906F2904B4AC00E131DB /* WelcomeAssembly.swift */ = {isa = PBXFileReference; lastKnownFileType = sourcecode.swift; path = WelcomeAssembly.swift; sourceTree = "<group>"; };
/* End PBXFileReference section */

/* Begin PBXFrameworksBuildPhase section */
		CC1B4C8028E6A2F7001EDC70 /* Frameworks */ = {
			isa = PBXFrameworksBuildPhase;
			buildActionMask = 2147483647;
			files = (
			);
			runOnlyForDeploymentPostprocessing = 0;
		};
/* End PBXFrameworksBuildPhase section */

/* Begin PBXGroup section */
		CC175993290553560037271D /* Views */ = {
			isa = PBXGroup;
			children = (
				CC175994290555C70037271D /* NewsCell.swift */,
			);
			path = Views;
			sourceTree = "<group>";
		};
		CC175996290594170037271D /* Models */ = {
			isa = PBXGroup;
			children = (
				CC175997290594350037271D /* NewsModel.swift */,
			);
			path = Models;
			sourceTree = "<group>";
		};
		CC1B4C7A28E6A2F7001EDC70 = {
			isa = PBXGroup;
			children = (
				CC1B4C8528E6A2F7001EDC70 /* rslomtevPW5 */,
				CC1B4C8428E6A2F7001EDC70 /* Products */,
			);
			sourceTree = "<group>";
		};
		CC1B4C8428E6A2F7001EDC70 /* Products */ = {
			isa = PBXGroup;
			children = (
				CC1B4C8328E6A2F7001EDC70 /* rslomtevPW5.app */,
			);
			name = Products;
			sourceTree = "<group>";
		};
		CC1B4C8528E6A2F7001EDC70 /* rslomtevPW5 */ = {
			isa = PBXGroup;
			children = (
				CC7D9D3A28F2962F0024E108 /* Screens */,
				CC1B4C8628E6A2F7001EDC70 /* AppDelegate.swift */,
				CC1B4C8828E6A2F7001EDC70 /* SceneDelegate.swift */,
				CC1B4C8F28E6A2F8001EDC70 /* Assets.xcassets */,
				CC1B4C9128E6A2F8001EDC70 /* LaunchScreen.storyboard */,
				CC1B4C9428E6A2F8001EDC70 /* Info.plist */,
			);
			path = rslomtevPW5;
			sourceTree = "<group>";
		};
		CC7D9D3A28F2962F0024E108 /* Screens */ = {
			isa = PBXGroup;
			children = (
				CC9245062906C0A6002AECCE /* News */,
				CC9B90662904AF2100E131DB /* NewsList */,
				CC7D9D3C28F296AC0024E108 /* Notes */,
				CC7D9D3B28F296A50024E108 /* Welcome */,
			);
			path = Screens;
			sourceTree = "<group>";
		};
		CC7D9D3B28F296A50024E108 /* Welcome */ = {
			isa = PBXGroup;
			children = (
				CC7D9D4028F298070024E108 /* Views */,
				CC1B4C9E28E6A677001EDC70 /* WelcomeViewController.swift */,
				CC7D9D4C28F2AF0D0024E108 /* WelcomeRouter.swift */,
				CC9B906F2904B4AC00E131DB /* WelcomeAssembly.swift */,
			);
			path = Welcome;
			sourceTree = "<group>";
		};
		CC7D9D3C28F296AC0024E108 /* Notes */ = {
			isa = PBXGroup;
			children = (
				CC7D9D3E28F2979D0024E108 /* Views */,
				CC7D9D3D28F296E90024E108 /* Models */,
				CC2444B928EE728400B262DC /* NotesViewController.swift */,
				CC7D9D4228F2AE7E0024E108 /* NotesPresenter.swift */,
				CC7D9D4428F2AE8B0024E108 /* NotesInteractor.swift */,
				CC9B906D2904B38A00E131DB /* NotesAssembly.swift */,
			);
			path = Notes;
			sourceTree = "<group>";
		};
		CC7D9D3D28F296E90024E108 /* Models */ = {
			isa = PBXGroup;
			children = (
				CC2444BC28EE923300B262DC /* ShortNote.swift */,
			);
			path = Models;
			sourceTree = "<group>";
			usesTabs = 0;
		};
		CC7D9D3E28F2979D0024E108 /* Views */ = {
			isa = PBXGroup;
			children = (
				CC7D9D3F28F297B10024E108 /* Cells */,
			);
			path = Views;
			sourceTree = "<group>";
		};
		CC7D9D3F28F297B10024E108 /* Cells */ = {
			isa = PBXGroup;
			children = (
				CC2444C028EEB42600B262DC /* NoteCell.swift */,
				CC2444BE28EEA85600B262DC /* AddNoteCell.swift */,
			);
			path = Cells;
			sourceTree = "<group>";
		};
		CC7D9D4028F298070024E108 /* Views */ = {
			isa = PBXGroup;
			children = (
				CC1B4CA428E6B0B0001EDC70 /* ColorPaletteView.swift */,
				CC1B4CA228E6A6C4001EDC70 /* MenuButtonFactory.swift */,
				CC7D9D4128F2982F0024E108 /* Ext */,
			);
			path = Views;
			sourceTree = "<group>";
		};
		CC7D9D4128F2982F0024E108 /* Ext */ = {
			isa = PBXGroup;
			children = (
				CC1B4CA928E6D348001EDC70 /* UIColorExt.swift */,
				CC1B4C9C28E6A45A001EDC70 /* UIViewExt.swift */,
				CC1B4CA028E6A698001EDC70 /* CALayerExt.swift */,
			);
			path = Ext;
			sourceTree = "<group>";
		};
		CC9245062906C0A6002AECCE /* News */ = {
			isa = PBXGroup;
			children = (
				CC1CB57029071ABE00620F77 /* NewsViewController.swift */,
				CC1CB57629071AE600620F77 /* NewsAssembly.swift */,
				CC1CB57829071AEF00620F77 /* NewsRouter.swift */,
				CC1CB57A29071B1200620F77 /* NewsProtocols.swift */,
			);
			path = News;
			sourceTree = "<group>";
		};
		CC9B90662904AF2100E131DB /* NewsList */ = {
			isa = PBXGroup;
			children = (
				CC175996290594170037271D /* Models */,
				CC175993290553560037271D /* Views */,
				CC9B90672904AF5900E131DB /* NewsListViewController.swift */,
				CC9B90692904AF6D00E131DB /* NewsListPresenter.swift */,
				CC9B906B2904AF8100E131DB /* NewsListInteractor.swift */,
				CC1759912904B7830037271D /* NewsListAssembly.swift */,
				CC1759992905BB890037271D /* NewsListWorker.swift */,
				CC9245042905CB0C002AECCE /* NewsListProtocols.swift */,
				CC1CB56E2907197F00620F77 /* NewsListRouter.swift */,
			);
			path = NewsList;
			sourceTree = "<group>";
		};
/* End PBXGroup section */

/* Begin PBXNativeTarget section */
		CC1B4C8228E6A2F7001EDC70 /* rslomtevPW5 */ = {
			isa = PBXNativeTarget;
			buildConfigurationList = CC1B4C9728E6A2F8001EDC70 /* Build configuration list for PBXNativeTarget "rslomtevPW5" */;
			buildPhases = (
				CC1B4C7F28E6A2F7001EDC70 /* Sources */,
				CC1B4C8028E6A2F7001EDC70 /* Frameworks */,
				CC1B4C8128E6A2F7001EDC70 /* Resources */,
			);
			buildRules = (
			);
			dependencies = (
			);
			name = rslomtevPW5;
			productName = rslomtevPW3;
			productReference = CC1B4C8328E6A2F7001EDC70 /* rslomtevPW5.app */;
			productType = "com.apple.product-type.application";
		};
/* End PBXNativeTarget section */

/* Begin PBXProject section */
		CC1B4C7B28E6A2F7001EDC70 /* Project object */ = {
			isa = PBXProject;
			attributes = {
				BuildIndependentTargetsInParallel = 1;
				LastSwiftUpdateCheck = 1400;
				LastUpgradeCheck = 1400;
				TargetAttributes = {
					CC1B4C8228E6A2F7001EDC70 = {
						CreatedOnToolsVersion = 14.0;
					};
				};
			};
			buildConfigurationList = CC1B4C7E28E6A2F7001EDC70 /* Build configuration list for PBXProject "rslomtevPW5" */;
			compatibilityVersion = "Xcode 14.0";
			developmentRegion = en;
			hasScannedForEncodings = 0;
			knownRegions = (
				en,
				Base,
			);
			mainGroup = CC1B4C7A28E6A2F7001EDC70;
			productRefGroup = CC1B4C8428E6A2F7001EDC70 /* Products */;
			projectDirPath = "";
			projectRoot = "";
			targets = (
				CC1B4C8228E6A2F7001EDC70 /* rslomtevPW5 */,
			);
		};
/* End PBXProject section */

/* Begin PBXResourcesBuildPhase section */
		CC1B4C8128E6A2F7001EDC70 /* Resources */ = {
			isa = PBXResourcesBuildPhase;
			buildActionMask = 2147483647;
			files = (
				CC1B4C9328E6A2F8001EDC70 /* LaunchScreen.storyboard in Resources */,
				CC1B4C9028E6A2F8001EDC70 /* Assets.xcassets in Resources */,
			);
			runOnlyForDeploymentPostprocessing = 0;
		};
/* End PBXResourcesBuildPhase section */

/* Begin PBXSourcesBuildPhase section */
		CC1B4C7F28E6A2F7001EDC70 /* Sources */ = {
			isa = PBXSourcesBuildPhase;
			buildActionMask = 2147483647;
			files = (
				CC1B4C9D28E6A45A001EDC70 /* UIViewExt.swift in Sources */,
				CC175998290594350037271D /* NewsModel.swift in Sources */,
				CC1B4CAA28E6D348001EDC70 /* UIColorExt.swift in Sources */,
				CC7D9D4528F2AE8B0024E108 /* NotesInteractor.swift in Sources */,
				CC9B906C2904AF8100E131DB /* NewsListInteractor.swift in Sources */,
				CC9B906E2904B38A00E131DB /* NotesAssembly.swift in Sources */,
				CC9245052905CB0C002AECCE /* NewsListProtocols.swift in Sources */,
				CC1CB57929071AEF00620F77 /* NewsRouter.swift in Sources */,
				CC2444BF28EEA85600B262DC /* AddNoteCell.swift in Sources */,
				CC9B906A2904AF6D00E131DB /* NewsListPresenter.swift in Sources */,
				CC7D9D4328F2AE7E0024E108 /* NotesPresenter.swift in Sources */,
				CC9B90702904B4AC00E131DB /* WelcomeAssembly.swift in Sources */,
				CC17599A2905BB890037271D /* NewsListWorker.swift in Sources */,
				CC2444C128EEB42600B262DC /* NoteCell.swift in Sources */,
				CC175995290555C70037271D /* NewsCell.swift in Sources */,
				CC1B4C9F28E6A677001EDC70 /* WelcomeViewController.swift in Sources */,
				CC1CB57B29071B1200620F77 /* NewsProtocols.swift in Sources */,
				CC1CB57129071ABE00620F77 /* NewsViewController.swift in Sources */,
				CC7D9D4D28F2AF0D0024E108 /* WelcomeRouter.swift in Sources */,
				CC1B4CA528E6B0B0001EDC70 /* ColorPaletteView.swift in Sources */,
				CC1CB56F2907197F00620F77 /* NewsListRouter.swift in Sources */,
				CC2444BD28EE923300B262DC /* ShortNote.swift in Sources */,
				CC1B4C8728E6A2F7001EDC70 /* AppDelegate.swift in Sources */,
				CC1759922904B7830037271D /* NewsListAssembly.swift in Sources */,
				CC1CB57729071AE600620F77 /* NewsAssembly.swift in Sources */,
				CC2444BA28EE728400B262DC /* NotesViewController.swift in Sources */,
				CC1B4CA328E6A6C4001EDC70 /* MenuButtonFactory.swift in Sources */,
				CC9B90682904AF5900E131DB /* NewsListViewController.swift in Sources */,
				CC1B4C8928E6A2F7001EDC70 /* SceneDelegate.swift in Sources */,
				CC1B4CA128E6A698001EDC70 /* CALayerExt.swift in Sources */,
			);
			runOnlyForDeploymentPostprocessing = 0;
		};
/* End PBXSourcesBuildPhase section */

/* Begin PBXVariantGroup section */
		CC1B4C9128E6A2F8001EDC70 /* LaunchScreen.storyboard */ = {
			isa = PBXVariantGroup;
			children = (
				CC1B4C9228E6A2F8001EDC70 /* Base */,
			);
			name = LaunchScreen.storyboard;
			sourceTree = "<group>";
		};
/* End PBXVariantGroup section */

/* Begin XCBuildConfiguration section */
		CC1B4C9528E6A2F8001EDC70 /* Debug */ = {
			isa = XCBuildConfiguration;
			buildSettings = {
				ALWAYS_SEARCH_USER_PATHS = NO;
				CLANG_ANALYZER_NONNULL = YES;
				CLANG_ANALYZER_NUMBER_OBJECT_CONVERSION = YES_AGGRESSIVE;
				CLANG_CXX_LANGUAGE_STANDARD = "gnu++20";
				CLANG_ENABLE_MODULES = YES;
				CLANG_ENABLE_OBJC_ARC = YES;
				CLANG_ENABLE_OBJC_WEAK = YES;
				CLANG_WARN_BLOCK_CAPTURE_AUTORELEASING = YES;
				CLANG_WARN_BOOL_CONVERSION = YES;
				CLANG_WARN_COMMA = YES;
				CLANG_WARN_CONSTANT_CONVERSION = YES;
				CLANG_WARN_DEPRECATED_OBJC_IMPLEMENTATIONS = YES;
				CLANG_WARN_DIRECT_OBJC_ISA_USAGE = YES_ERROR;
				CLANG_WARN_DOCUMENTATION_COMMENTS = YES;
				CLANG_WARN_EMPTY_BODY = YES;
				CLANG_WARN_ENUM_CONVERSION = YES;
				CLANG_WARN_INFINITE_RECURSION = YES;
				CLANG_WARN_INT_CONVERSION = YES;
				CLANG_WARN_NON_LITERAL_NULL_CONVERSION = YES;
				CLANG_WARN_OBJC_IMPLICIT_RETAIN_SELF = YES;
				CLANG_WARN_OBJC_LITERAL_CONVERSION = YES;
				CLANG_WARN_OBJC_ROOT_CLASS = YES_ERROR;
				CLANG_WARN_QUOTED_INCLUDE_IN_FRAMEWORK_HEADER = YES;
				CLANG_WARN_RANGE_LOOP_ANALYSIS = YES;
				CLANG_WARN_STRICT_PROTOTYPES = YES;
				CLANG_WARN_SUSPICIOUS_MOVE = YES;
				CLANG_WARN_UNGUARDED_AVAILABILITY = YES_AGGRESSIVE;
				CLANG_WARN_UNREACHABLE_CODE = YES;
				CLANG_WARN__DUPLICATE_METHOD_MATCH = YES;
				COPY_PHASE_STRIP = NO;
				DEBUG_INFORMATION_FORMAT = dwarf;
				ENABLE_STRICT_OBJC_MSGSEND = YES;
				ENABLE_TESTABILITY = YES;
				GCC_C_LANGUAGE_STANDARD = gnu11;
				GCC_DYNAMIC_NO_PIC = NO;
				GCC_NO_COMMON_BLOCKS = YES;
				GCC_OPTIMIZATION_LEVEL = 0;
				GCC_PREPROCESSOR_DEFINITIONS = (
					"DEBUG=1",
					"$(inherited)",
				);
				GCC_WARN_64_TO_32_BIT_CONVERSION = YES;
				GCC_WARN_ABOUT_RETURN_TYPE = YES_ERROR;
				GCC_WARN_UNDECLARED_SELECTOR = YES;
				GCC_WARN_UNINITIALIZED_AUTOS = YES_AGGRESSIVE;
				GCC_WARN_UNUSED_FUNCTION = YES;
				GCC_WARN_UNUSED_VARIABLE = YES;
				IPHONEOS_DEPLOYMENT_TARGET = 16.0;
				MTL_ENABLE_DEBUG_INFO = INCLUDE_SOURCE;
				MTL_FAST_MATH = YES;
				ONLY_ACTIVE_ARCH = YES;
				SDKROOT = iphoneos;
				SWIFT_ACTIVE_COMPILATION_CONDITIONS = DEBUG;
				SWIFT_OPTIMIZATION_LEVEL = "-Onone";
			};
			name = Debug;
		};
		CC1B4C9628E6A2F8001EDC70 /* Release */ = {
			isa = XCBuildConfiguration;
			buildSettings = {
				ALWAYS_SEARCH_USER_PATHS = NO;
				CLANG_ANALYZER_NONNULL = YES;
				CLANG_ANALYZER_NUMBER_OBJECT_CONVERSION = YES_AGGRESSIVE;
				CLANG_CXX_LANGUAGE_STANDARD = "gnu++20";
				CLANG_ENABLE_MODULES = YES;
				CLANG_ENABLE_OBJC_ARC = YES;
				CLANG_ENABLE_OBJC_WEAK = YES;
				CLANG_WARN_BLOCK_CAPTURE_AUTORELEASING = YES;
				CLANG_WARN_BOOL_CONVERSION = YES;
				CLANG_WARN_COMMA = YES;
				CLANG_WARN_CONSTANT_CONVERSION = YES;
				CLANG_WARN_DEPRECATED_OBJC_IMPLEMENTATIONS = YES;
				CLANG_WARN_DIRECT_OBJC_ISA_USAGE = YES_ERROR;
				CLANG_WARN_DOCUMENTATION_COMMENTS = YES;
				CLANG_WARN_EMPTY_BODY = YES;
				CLANG_WARN_ENUM_CONVERSION = YES;
				CLANG_WARN_INFINITE_RECURSION = YES;
				CLANG_WARN_INT_CONVERSION = YES;
				CLANG_WARN_NON_LITERAL_NULL_CONVERSION = YES;
				CLANG_WARN_OBJC_IMPLICIT_RETAIN_SELF = YES;
				CLANG_WARN_OBJC_LITERAL_CONVERSION = YES;
				CLANG_WARN_OBJC_ROOT_CLASS = YES_ERROR;
				CLANG_WARN_QUOTED_INCLUDE_IN_FRAMEWORK_HEADER = YES;
				CLANG_WARN_RANGE_LOOP_ANALYSIS = YES;
				CLANG_WARN_STRICT_PROTOTYPES = YES;
				CLANG_WARN_SUSPICIOUS_MOVE = YES;
				CLANG_WARN_UNGUARDED_AVAILABILITY = YES_AGGRESSIVE;
				CLANG_WARN_UNREACHABLE_CODE = YES;
				CLANG_WARN__DUPLICATE_METHOD_MATCH = YES;
				COPY_PHASE_STRIP = NO;
				DEBUG_INFORMATION_FORMAT = "dwarf-with-dsym";
				ENABLE_NS_ASSERTIONS = NO;
				ENABLE_STRICT_OBJC_MSGSEND = YES;
				GCC_C_LANGUAGE_STANDARD = gnu11;
				GCC_NO_COMMON_BLOCKS = YES;
				GCC_WARN_64_TO_32_BIT_CONVERSION = YES;
				GCC_WARN_ABOUT_RETURN_TYPE = YES_ERROR;
				GCC_WARN_UNDECLARED_SELECTOR = YES;
				GCC_WARN_UNINITIALIZED_AUTOS = YES_AGGRESSIVE;
				GCC_WARN_UNUSED_FUNCTION = YES;
				GCC_WARN_UNUSED_VARIABLE = YES;
				IPHONEOS_DEPLOYMENT_TARGET = 16.0;
				MTL_ENABLE_DEBUG_INFO = NO;
				MTL_FAST_MATH = YES;
				SDKROOT = iphoneos;
				SWIFT_COMPILATION_MODE = wholemodule;
				SWIFT_OPTIMIZATION_LEVEL = "-O";
				VALIDATE_PRODUCT = YES;
			};
			name = Release;
		};
		CC1B4C9828E6A2F8001EDC70 /* Debug */ = {
			isa = XCBuildConfiguration;
			buildSettings = {
				ASSETCATALOG_COMPILER_APPICON_NAME = AppIcon;
				ASSETCATALOG_COMPILER_GLOBAL_ACCENT_COLOR_NAME = AccentColor;
				CODE_SIGN_STYLE = Automatic;
				CURRENT_PROJECT_VERSION = 1;
				DEVELOPMENT_TEAM = 7JCTFR9C8T;
				GENERATE_INFOPLIST_FILE = YES;
				INFOPLIST_FILE = rslomtevPW5/Info.plist;
				INFOPLIST_KEY_UIApplicationSupportsIndirectInputEvents = YES;
				INFOPLIST_KEY_UILaunchStoryboardName = LaunchScreen;
				INFOPLIST_KEY_UISupportedInterfaceOrientations_iPad = "UIInterfaceOrientationPortrait UIInterfaceOrientationPortraitUpsideDown UIInterfaceOrientationLandscapeLeft UIInterfaceOrientationLandscapeRight";
				INFOPLIST_KEY_UISupportedInterfaceOrientations_iPhone = "UIInterfaceOrientationPortrait UIInterfaceOrientationLandscapeLeft UIInterfaceOrientationLandscapeRight";
				LD_RUNPATH_SEARCH_PATHS = (
					"$(inherited)",
					"@executable_path/Frameworks",
				);
				MARKETING_VERSION = 1.0;
				PRODUCT_BUNDLE_IDENTIFIER = ru.pyroman.ioshomeworks.hw5.rslomtevPW5;
				PRODUCT_NAME = "$(TARGET_NAME)";
				SWIFT_EMIT_LOC_STRINGS = YES;
				SWIFT_VERSION = 5.0;
				TARGETED_DEVICE_FAMILY = "1,2";
			};
			name = Debug;
		};
		CC1B4C9928E6A2F8001EDC70 /* Release */ = {
			isa = XCBuildConfiguration;
			buildSettings = {
				ASSETCATALOG_COMPILER_APPICON_NAME = AppIcon;
				ASSETCATALOG_COMPILER_GLOBAL_ACCENT_COLOR_NAME = AccentColor;
				CODE_SIGN_STYLE = Automatic;
				CURRENT_PROJECT_VERSION = 1;
				DEVELOPMENT_TEAM = 7JCTFR9C8T;
				GENERATE_INFOPLIST_FILE = YES;
				INFOPLIST_FILE = rslomtevPW5/Info.plist;
				INFOPLIST_KEY_UIApplicationSupportsIndirectInputEvents = YES;
				INFOPLIST_KEY_UILaunchStoryboardName = LaunchScreen;
				INFOPLIST_KEY_UISupportedInterfaceOrientations_iPad = "UIInterfaceOrientationPortrait UIInterfaceOrientationPortraitUpsideDown UIInterfaceOrientationLandscapeLeft UIInterfaceOrientationLandscapeRight";
				INFOPLIST_KEY_UISupportedInterfaceOrientations_iPhone = "UIInterfaceOrientationPortrait UIInterfaceOrientationLandscapeLeft UIInterfaceOrientationLandscapeRight";
				LD_RUNPATH_SEARCH_PATHS = (
					"$(inherited)",
					"@executable_path/Frameworks",
				);
				MARKETING_VERSION = 1.0;
				PRODUCT_BUNDLE_IDENTIFIER = ru.pyroman.ioshomeworks.hw5.rslomtevPW5;
				PRODUCT_NAME = "$(TARGET_NAME)";
				SWIFT_EMIT_LOC_STRINGS = YES;
				SWIFT_VERSION = 5.0;
				TARGETED_DEVICE_FAMILY = "1,2";
			};
			name = Release;
		};
/* End XCBuildConfiguration section */

/* Begin XCConfigurationList section */
		CC1B4C7E28E6A2F7001EDC70 /* Build configuration list for PBXProject "rslomtevPW5" */ = {
			isa = XCConfigurationList;
			buildConfigurations = (
				CC1B4C9528E6A2F8001EDC70 /* Debug */,
				CC1B4C9628E6A2F8001EDC70 /* Release */,
			);
			defaultConfigurationIsVisible = 0;
			defaultConfigurationName = Release;
		};
		CC1B4C9728E6A2F8001EDC70 /* Build configuration list for PBXNativeTarget "rslomtevPW5" */ = {
			isa = XCConfigurationList;
			buildConfigurations = (
				CC1B4C9828E6A2F8001EDC70 /* Debug */,
				CC1B4C9928E6A2F8001EDC70 /* Release */,
			);
			defaultConfigurationIsVisible = 0;
			defaultConfigurationName = Release;
		};
/* End XCConfigurationList section */
	};
	rootObject = CC1B4C7B28E6A2F7001EDC70 /* Project object */;
}
